
Microsoft Visual Studio Solution File, Format Version 12.00
# Visual Studio Version 16
VisualStudioVersion = 16.0.32602.291
MinimumVisualStudioVersion = 10.0.40219.1
Project("{FAE04EC0-301F-11D3-BF4B-00C04F79EFBC}") = "BookMyMovie", "BookMyMovie\BookMyMovie.csproj", "{EB4A327B-BB21-4FB5-8D7A-727A86986A37}"
EndProject
Global
	GlobalSection(SolutionConfigurationPlatforms) = preSolution
		Debug|Any CPU = Debug|Any CPU
		Release|Any CPU = Release|Any CPU
	EndGlobalSection
	GlobalSection(ProjectConfigurationPlatforms) = postSolution
		{EB4A327B-BB21-4FB5-8D7A-727A86986A37}.Debug|Any CPU.ActiveCfg = Debug|Any CPU
		{EB4A327B-BB21-4FB5-8D7A-727A86986A37}.Debug|Any CPU.Build.0 = Debug|Any CPU
		{EB4A327B-BB21-4FB5-8D7A-727A86986A37}.Release|Any CPU.ActiveCfg = Release|Any CPU
		{EB4A327B-BB21-4FB5-8D7A-727A86986A37}.Release|Any CPU.Build.0 = Release|Any CPU
	EndGlobalSection
	GlobalSection(SolutionProperties) = preSolution
		HideSolutionNode = FALSE
	EndGlobalSection
	GlobalSection(ExtensibilityGlobals) = postSolution
		SolutionGuid = {54777579-8005-4C12-B3A3-4EAF797C8254}
	EndGlobalSection
EndGlobal
